<?xml version="1.0" encoding="utf-8"?>
<Project ToolsVersion="4.0" xmlns="http://schemas.microsoft.com/developer/msbuild/2003">
  <ItemGroup>
    <Filter Include="Game">
      <UniqueIdentifier>{ad0131d2-16d5-4efb-84dd-f4d68c9822d4}</UniqueIdentifier>
    </Filter>
    <Filter Include="Game\WorldObjects">
      <UniqueIdentifier>{55bf7aa2-3e61-4be0-8310-6f7e6e98c297}</UniqueIdentifier>
    </Filter>
    <Filter Include="Game\Resources">
      <UniqueIdentifier>{599f6452-69bc-45b8-bd43-75368a0277c5}</UniqueIdentifier>
    </Filter>
    <Filter Include="Game\Animations">
      <UniqueIdentifier>{5fec722f-a9cc-4df8-8162-8ef7b84d828a}</UniqueIdentifier>
    </Filter>
    <Filter Include="Engine">
      <UniqueIdentifier>{6a5f6d6b-bfa0-453f-a64e-61f47768c3b1}</UniqueIdentifier>
    </Filter>
    <Filter Include="Engine\Core">
      <UniqueIdentifier>{36788fcd-9ae0-406a-9dd1-ba06e0568675}</UniqueIdentifier>
    </Filter>
    <Filter Include="Engine\Subsystems">
      <UniqueIdentifier>{0256085b-dba5-49d5-aff3-d7d010ce9cbf}</UniqueIdentifier>
    </Filter>
    <Filter Include="Engine\Subsystems\Serialization">
      <UniqueIdentifier>{84865c0b-0605-4fef-b11f-c4fea44ae4c9}</UniqueIdentifier>
    </Filter>
    <Filter Include="Engine\Subsystems\VFS">
      <UniqueIdentifier>{7c1de5a6-2ee7-4d3d-833f-b0774dfe9879}</UniqueIdentifier>
    </Filter>
    <Filter Include="Engine\Managers">
      <UniqueIdentifier>{60ee3a87-174a-418b-92b0-d23216cbc0bf}</UniqueIdentifier>
    </Filter>
    <Filter Include="Engine\Managers\OptionsManager">
      <UniqueIdentifier>{82897ce8-ae02-4c02-b6fe-b118bd452428}</UniqueIdentifier>
    </Filter>
    <Filter Include="Engine\Managers\ConsoleManager">
      <UniqueIdentifier>{270c0502-b79d-4bc9-a1f1-67f0853aea80}</UniqueIdentifier>
    </Filter>
    <Filter Include="Engine\Managers\LogManager">
      <UniqueIdentifier>{f7611a04-fa42-4282-aa5f-461e734d2592}</UniqueIdentifier>
    </Filter>
    <Filter Include="Engine\Managers\InputManager">
      <UniqueIdentifier>{d3ee402e-5198-428a-ab3c-9cc88baf0d3c}</UniqueIdentifier>
    </Filter>
    <Filter Include="Engine\Managers\ResourceManager">
      <UniqueIdentifier>{92bdb705-771e-4048-bc56-90e6bdc5d260}</UniqueIdentifier>
    </Filter>
    <Filter Include="Engine\Managers\WorldsManager">
      <UniqueIdentifier>{77e808bc-1cad-4ddd-803f-d1fe896fb950}</UniqueIdentifier>
    </Filter>
    <Filter Include="Engine\Managers\RenderManager">
      <UniqueIdentifier>{bdf06e37-08d7-46ac-aff6-d6d82723c925}</UniqueIdentifier>
    </Filter>
    <Filter Include="Engine\Micropather">
      <UniqueIdentifier>{ee39073a-2096-4a41-9172-3c85b52c275a}</UniqueIdentifier>
    </Filter>
    <Filter Include="Engine\Math">
      <UniqueIdentifier>{4da1587c-164f-49a1-8ba7-ce4889132842}</UniqueIdentifier>
    </Filter>
    <Filter Include="Common">
      <UniqueIdentifier>{11e39d16-6817-4c55-ad78-6f3ee8cda4a1}</UniqueIdentifier>
    </Filter>
    <Filter Include="Engine\Managers\GuiManager">
      <UniqueIdentifier>{c3887faa-06ae-46cb-aca0-2f6801bd714c}</UniqueIdentifier>
    </Filter>
    <Filter Include="Engine\Managers\ToolManager">
      <UniqueIdentifier>{4da2d13a-8d60-4e38-bd87-a69fe26f47aa}</UniqueIdentifier>
    </Filter>
    <Filter Include="Game\Tools">
      <UniqueIdentifier>{ab2f52c1-f07e-44b9-b172-b0cc9ec127ec}</UniqueIdentifier>
    </Filter>
  </ItemGroup>
  <ItemGroup>
    <ClCompile Include="src\micropather.cpp">
      <Filter>Engine\Micropather</Filter>
    </ClCompile>
    <ClCompile Include="src\SfMath.cpp">
      <Filter>Engine\Math</Filter>
    </ClCompile>
    <ClCompile Include="src\ReTech.cpp" />
    <ClCompile Include="src\rtGuiManager.cpp">
      <Filter>Engine\Managers\GuiManager</Filter>
    </ClCompile>
    <ClCompile Include="src\rtGuiScreen.cpp">
      <Filter>Engine\Managers\GuiManager</Filter>
    </ClCompile>
    <ClCompile Include="src\rtToolManager.cpp">
      <Filter>Engine\Managers\ToolManager</Filter>
    </ClCompile>
    <ClCompile Include="src\rtTool.cpp">
      <Filter>Engine\Managers\ToolManager</Filter>
    </ClCompile>
    <ClCompile Include="src\rtStatistics.cpp">
      <Filter>Game\Tools</Filter>
    </ClCompile>
    <ClCompile Include="src\rtConsole.cpp">
      <Filter>Game\Tools</Filter>
    </ClCompile>
    <ClCompile Include="src\rtGameCore.cpp">
      <Filter>Engine\Core</Filter>
    </ClCompile>
    <ClCompile Include="src\rtCommonIncludes.cpp">
      <Filter>Common</Filter>
    </ClCompile>
    <ClCompile Include="src\rtConsoleManager.cpp">
      <Filter>Engine\Managers\ConsoleManager</Filter>
    </ClCompile>
    <ClCompile Include="src\rtInputManager.cpp">
      <Filter>Engine\Managers\InputManager</Filter>
    </ClCompile>
    <ClCompile Include="src\rtLogManager.cpp">
      <Filter>Engine\Managers\LogManager</Filter>
    </ClCompile>
    <ClCompile Include="src\rtOption.cpp">
      <Filter>Engine\Managers\OptionsManager</Filter>
    </ClCompile>
    <ClCompile Include="src\rtOptionsManager.cpp">
      <Filter>Engine\Managers\OptionsManager</Filter>
    </ClCompile>
    <ClCompile Include="src\rtRenderManager.cpp">
      <Filter>Engine\Managers\RenderManager</Filter>
    </ClCompile>
    <ClCompile Include="src\rtResource.cpp">
      <Filter>Engine\Managers\ResourceManager</Filter>
    </ClCompile>
    <ClCompile Include="src\rtResourceManager.cpp">
      <Filter>Engine\Managers\ResourceManager</Filter>
    </ClCompile>
    <ClCompile Include="src\rtWorld.cpp">
      <Filter>Engine\Managers\WorldsManager</Filter>
    </ClCompile>
    <ClCompile Include="src\rtWorldObject.cpp">
      <Filter>Engine\Managers\WorldsManager</Filter>
    </ClCompile>
    <ClCompile Include="src\rtWorldsManager.cpp">
      <Filter>Engine\Managers\WorldsManager</Filter>
    </ClCompile>
    <ClCompile Include="src\rtSerializeable.cpp">
      <Filter>Engine\Subsystems\Serialization</Filter>
    </ClCompile>
    <ClCompile Include="src\rtObjectsFactory.cpp">
      <Filter>Engine\Subsystems\Serialization</Filter>
    </ClCompile>
    <ClCompile Include="src\rtCollectionIterator.cpp">
      <Filter>Engine\Subsystems\Serialization</Filter>
    </ClCompile>
    <ClCompile Include="src\rtAnimation.cpp">
      <Filter>Game\WorldObjects</Filter>
    </ClCompile>
    <ClCompile Include="src\rtCircle.cpp">
      <Filter>Game\WorldObjects</Filter>
    </ClCompile>
    <ClCompile Include="src\rtLine.cpp">
      <Filter>Game\WorldObjects</Filter>
    </ClCompile>
    <ClCompile Include="src\rtParticleSystem.cpp">
      <Filter>Game\WorldObjects</Filter>
    </ClCompile>
    <ClCompile Include="src\rtRectangle.cpp">
      <Filter>Game\WorldObjects</Filter>
    </ClCompile>
    <ClCompile Include="src\rtSprite.cpp">
      <Filter>Game\WorldObjects</Filter>
    </ClCompile>
    <ClCompile Include="src\rtText.cpp">
      <Filter>Game\WorldObjects</Filter>
    </ClCompile>
    <ClCompile Include="src\rtFont.cpp">
      <Filter>Game\Resources</Filter>
    </ClCompile>
    <ClCompile Include="src\rtImage.cpp">
      <Filter>Game\Resources</Filter>
    </ClCompile>
    <ClCompile Include="src\rtParticle.cpp">
      <Filter>Game\Resources</Filter>
    </ClCompile>
    <ClCompile Include="src\rtSequence.cpp">
      <Filter>Game\Resources</Filter>
    </ClCompile>
    <ClCompile Include="src\rtFrameAnimation.cpp">
      <Filter>Game\Animations</Filter>
    </ClCompile>
  </ItemGroup>
  <ItemGroup>
    <ClInclude Include="include\micropather.h">
      <Filter>Engine\Micropather</Filter>
    </ClInclude>
    <ClInclude Include="include\SfMath.h">
      <Filter>Engine\Math</Filter>
    </ClInclude>
    <ClInclude Include="include\ReTech.h" />
    <ClInclude Include="include\rtGuiManager.h">
      <Filter>Engine\Managers\GuiManager</Filter>
    </ClInclude>
    <ClInclude Include="include\rtGuiScreen.h">
      <Filter>Engine\Managers\GuiManager</Filter>
    </ClInclude>
    <ClInclude Include="include\rtToolManager.h">
      <Filter>Engine\Managers\ToolManager</Filter>
    </ClInclude>
    <ClInclude Include="include\rtTool.h">
      <Filter>Engine\Managers\ToolManager</Filter>
    </ClInclude>
    <ClInclude Include="include\rtStatistics.h">
      <Filter>Game\Tools</Filter>
    </ClInclude>
    <ClInclude Include="include\rtConsole.h">
      <Filter>Game\Tools</Filter>
    </ClInclude>
    <ClInclude Include="include\rtGameCore.h">
      <Filter>Engine\Core</Filter>
    </ClInclude>
    <ClInclude Include="include\rtSingleton.h">
      <Filter>Engine\Core</Filter>
    </ClInclude>
    <ClInclude Include="include\rtLibraries.h">
      <Filter>Common</Filter>
    </ClInclude>
    <ClInclude Include="include\rtCommonIncludes.h">
      <Filter>Common</Filter>
    </ClInclude>
    <ClInclude Include="include\rtConsoleManager.h">
      <Filter>Engine\Managers\ConsoleManager</Filter>
    </ClInclude>
    <ClInclude Include="include\rtInputManager.h">
      <Filter>Engine\Managers\InputManager</Filter>
    </ClInclude>
    <ClInclude Include="include\rtLogManager.h">
      <Filter>Engine\Managers\LogManager</Filter>
    </ClInclude>
    <ClInclude Include="include\rtOption.h">
      <Filter>Engine\Managers\OptionsManager</Filter>
    </ClInclude>
    <ClInclude Include="include\rtOptionsManager.h">
      <Filter>Engine\Managers\OptionsManager</Filter>
    </ClInclude>
    <ClInclude Include="include\rtRenderManager.h">
      <Filter>Engine\Managers\RenderManager</Filter>
    </ClInclude>
    <ClInclude Include="include\rtResource.h">
      <Filter>Engine\Managers\ResourceManager</Filter>
    </ClInclude>
    <ClInclude Include="include\rtResourceManager.h">
      <Filter>Engine\Managers\ResourceManager</Filter>
    </ClInclude>
    <ClInclude Include="include\rtWorld.h">
      <Filter>Engine\Managers\WorldsManager</Filter>
    </ClInclude>
    <ClInclude Include="include\rtWorldObject.h">
      <Filter>Engine\Managers\WorldsManager</Filter>
    </ClInclude>
    <ClInclude Include="include\rtWorldsManager.h">
      <Filter>Engine\Managers\WorldsManager</Filter>
    </ClInclude>
    <ClInclude Include="include\rtSerializeable.h">
      <Filter>Engine\Subsystems\Serialization</Filter>
    </ClInclude>
    <ClInclude Include="include\rtProperty.h">
      <Filter>Engine\Subsystems\Serialization</Filter>
    </ClInclude>
    <ClInclude Include="include\rtObjectsFactory.h">
      <Filter>Engine\Subsystems\Serialization</Filter>
    </ClInclude>
    <ClInclude Include="include\rtCollectionIterator.h">
      <Filter>Engine\Subsystems\Serialization</Filter>
    </ClInclude>
    <ClInclude Include="include\rtAnimation.h">
      <Filter>Game\WorldObjects</Filter>
    </ClInclude>
    <ClInclude Include="include\rtCircle.h">
      <Filter>Game\WorldObjects</Filter>
    </ClInclude>
    <ClInclude Include="include\rtLine.h">
      <Filter>Game\WorldObjects</Filter>
    </ClInclude>
    <ClInclude Include="include\rtParticleSystem.h">
      <Filter>Game\WorldObjects</Filter>
    </ClInclude>
    <ClInclude Include="include\rtRectangle.h">
      <Filter>Game\WorldObjects</Filter>
    </ClInclude>
    <ClInclude Include="include\rtSprite.h">
      <Filter>Game\WorldObjects</Filter>
    </ClInclude>
    <ClInclude Include="include\rtText.h">
      <Filter>Game\WorldObjects</Filter>
    </ClInclude>
    <ClInclude Include="include\rtFont.h">
      <Filter>Game\Resources</Filter>
    </ClInclude>
    <ClInclude Include="include\rtImage.h">
      <Filter>Game\Resources</Filter>
    </ClInclude>
    <ClInclude Include="include\rtParticle.h">
      <Filter>Game\Resources</Filter>
    </ClInclude>
    <ClInclude Include="include\rtSequence.h">
      <Filter>Game\Resources</Filter>
    </ClInclude>
    <ClInclude Include="include\rtFrameAnimation.h">
      <Filter>Game\Animations</Filter>
    </ClInclude>
    <ClInclude Include="include\rtExternalTypes.h">
      <Filter>Common</Filter>
    </ClInclude>
  </ItemGroup>
</Project>